// !$*UTF8*$!
{
	archiveVersion = 1;
	classes = {
	};
	objectVersion = 48;
	objects = {

/* Begin PBXBuildFile section */
		863F67031FE9A60D00809D35 /* LoginViewController.swift in Sources */ = {isa = PBXBuildFile; fileRef = 863F67021FE9A60D00809D35 /* LoginViewController.swift */; };
		863F67051FE9A66900809D35 /* HomeViewController.swift in Sources */ = {isa = PBXBuildFile; fileRef = 863F67041FE9A66900809D35 /* HomeViewController.swift */; };
		863F67071FE9A68300809D35 /* QRScanViewController.swift in Sources */ = {isa = PBXBuildFile; fileRef = 863F67061FE9A68300809D35 /* QRScanViewController.swift */; };
		863F67091FE9A68F00809D35 /* ManualInputViewController.swift in Sources */ = {isa = PBXBuildFile; fileRef = 863F67081FE9A68F00809D35 /* ManualInputViewController.swift */; };
		863F670B1FE9A69D00809D35 /* CommentViewController.swift in Sources */ = {isa = PBXBuildFile; fileRef = 863F670A1FE9A69D00809D35 /* CommentViewController.swift */; };
		863F670D1FE9A6A800809D35 /* LoadingViewController.swift in Sources */ = {isa = PBXBuildFile; fileRef = 863F670C1FE9A6A800809D35 /* LoadingViewController.swift */; };
		863F670F1FE9A6B200809D35 /* SuccesViewController.swift in Sources */ = {isa = PBXBuildFile; fileRef = 863F670E1FE9A6B200809D35 /* SuccesViewController.swift */; };
		863F67111FE9A6BB00809D35 /* FailViewController.swift in Sources */ = {isa = PBXBuildFile; fileRef = 863F67101FE9A6BB00809D35 /* FailViewController.swift */; };
		863F67131FE9A6C600809D35 /* FailAgainViewController.swift in Sources */ = {isa = PBXBuildFile; fileRef = 863F67121FE9A6C600809D35 /* FailAgainViewController.swift */; };
		863F67171FE9B8B200809D35 /* FrutigerLTPro-Black.otf in Resources */ = {isa = PBXBuildFile; fileRef = 868782631FE949A8004EE77C /* FrutigerLTPro-Black.otf */; };
		863F67181FE9B8B500809D35 /* FrutigerLTPro-Bold.otf in Resources */ = {isa = PBXBuildFile; fileRef = 868782641FE949A8004EE77C /* FrutigerLTPro-Bold.otf */; };
		863F67191FE9B8B800809D35 /* FrutigerLTPro-Italic.otf in Resources */ = {isa = PBXBuildFile; fileRef = 868782651FE949A8004EE77C /* FrutigerLTPro-Italic.otf */; };
		863F671A1FE9B8BA00809D35 /* FrutigerLTPro-Light.otf in Resources */ = {isa = PBXBuildFile; fileRef = 868782661FE949A9004EE77C /* FrutigerLTPro-Light.otf */; };
		863F671B1FE9B8BD00809D35 /* FrutigerLTPro-Roman.otf in Resources */ = {isa = PBXBuildFile; fileRef = 868782621FE949A8004EE77C /* FrutigerLTPro-Roman.otf */; };
		8655EF031FEC57EA005C7708 /* API.swift in Sources */ = {isa = PBXBuildFile; fileRef = 8655EF021FEC57EA005C7708 /* API.swift */; };
		868782351FE948D0004EE77C /* AppDelegate.swift in Sources */ = {isa = PBXBuildFile; fileRef = 868782341FE948D0004EE77C /* AppDelegate.swift */; };
		8687823A1FE948D0004EE77C /* Main.storyboard in Resources */ = {isa = PBXBuildFile; fileRef = 868782381FE948D0004EE77C /* Main.storyboard */; };
		8687823C1FE948D0004EE77C /* Assets.xcassets in Resources */ = {isa = PBXBuildFile; fileRef = 8687823B1FE948D0004EE77C /* Assets.xcassets */; };
		8687823F1FE948D0004EE77C /* LaunchScreen.storyboard in Resources */ = {isa = PBXBuildFile; fileRef = 8687823D1FE948D0004EE77C /* LaunchScreen.storyboard */; };
		8687824A1FE948D1004EE77C /* bd_scanappTests.swift in Sources */ = {isa = PBXBuildFile; fileRef = 868782491FE948D1004EE77C /* bd_scanappTests.swift */; };
		868782551FE948D1004EE77C /* bd_scanappUITests.swift in Sources */ = {isa = PBXBuildFile; fileRef = 868782541FE948D1004EE77C /* bd_scanappUITests.swift */; };
		868782701FE949F4004EE77C /* UICircularProgressRingGradientPosition.swift in Sources */ = {isa = PBXBuildFile; fileRef = 8687826B1FE949F4004EE77C /* UICircularProgressRingGradientPosition.swift */; };
		868782711FE949F4004EE77C /* UICircularProgressRingStyle.swift in Sources */ = {isa = PBXBuildFile; fileRef = 8687826C1FE949F4004EE77C /* UICircularProgressRingStyle.swift */; };
		868782721FE949F4004EE77C /* UICircularProgressRingDelegate.swift in Sources */ = {isa = PBXBuildFile; fileRef = 8687826D1FE949F4004EE77C /* UICircularProgressRingDelegate.swift */; };
		868782731FE949F4004EE77C /* UICircularProgressRingLayer.swift in Sources */ = {isa = PBXBuildFile; fileRef = 8687826E1FE949F4004EE77C /* UICircularProgressRingLayer.swift */; };
		868782741FE949F4004EE77C /* UICircularProgressRingView.swift in Sources */ = {isa = PBXBuildFile; fileRef = 8687826F1FE949F4004EE77C /* UICircularProgressRingView.swift */; };
/* End PBXBuildFile section */

/* Begin PBXContainerItemProxy section */
		868782461FE948D1004EE77C /* PBXContainerItemProxy */ = {
			isa = PBXContainerItemProxy;
			containerPortal = 868782291FE948D0004EE77C /* Project object */;
			proxyType = 1;
			remoteGlobalIDString = 868782301FE948D0004EE77C;
			remoteInfo = "bd-scanapp";
		};
		868782511FE948D1004EE77C /* PBXContainerItemProxy */ = {
			isa = PBXContainerItemProxy;
			containerPortal = 868782291FE948D0004EE77C /* Project object */;
			proxyType = 1;
			remoteGlobalIDString = 868782301FE948D0004EE77C;
			remoteInfo = "bd-scanapp";
		};
/* End PBXContainerItemProxy section */

/* Begin PBXFileReference section */
		863F67021FE9A60D00809D35 /* LoginViewController.swift */ = {isa = PBXFileReference; lastKnownFileType = sourcecode.swift; path = LoginViewController.swift; sourceTree = "<group>"; };
		863F67041FE9A66900809D35 /* HomeViewController.swift */ = {isa = PBXFileReference; lastKnownFileType = sourcecode.swift; path = HomeViewController.swift; sourceTree = "<group>"; };
		863F67061FE9A68300809D35 /* QRScanViewController.swift */ = {isa = PBXFileReference; lastKnownFileType = sourcecode.swift; path = QRScanViewController.swift; sourceTree = "<group>"; };
		863F67081FE9A68F00809D35 /* ManualInputViewController.swift */ = {isa = PBXFileReference; lastKnownFileType = sourcecode.swift; path = ManualInputViewController.swift; sourceTree = "<group>"; };
		863F670A1FE9A69D00809D35 /* CommentViewController.swift */ = {isa = PBXFileReference; lastKnownFileType = sourcecode.swift; path = CommentViewController.swift; sourceTree = "<group>"; };
		863F670C1FE9A6A800809D35 /* LoadingViewController.swift */ = {isa = PBXFileReference; lastKnownFileType = sourcecode.swift; path = LoadingViewController.swift; sourceTree = "<group>"; };
		863F670E1FE9A6B200809D35 /* SuccesViewController.swift */ = {isa = PBXFileReference; lastKnownFileType = sourcecode.swift; path = SuccesViewController.swift; sourceTree = "<group>"; };
		863F67101FE9A6BB00809D35 /* FailViewController.swift */ = {isa = PBXFileReference; lastKnownFileType = sourcecode.swift; path = FailViewController.swift; sourceTree = "<group>"; };
		863F67121FE9A6C600809D35 /* FailAgainViewController.swift */ = {isa = PBXFileReference; lastKnownFileType = sourcecode.swift; path = FailAgainViewController.swift; sourceTree = "<group>"; };
		863F67141FE9AC8F00809D35 /* bd-scanapp-Bridging-Header.h */ = {isa = PBXFileReference; lastKnownFileType = sourcecode.c.h; path = "bd-scanapp-Bridging-Header.h"; sourceTree = "<group>"; };
		8655EF021FEC57EA005C7708 /* API.swift */ = {isa = PBXFileReference; lastKnownFileType = sourcecode.swift; path = API.swift; sourceTree = "<group>"; };
		868782311FE948D0004EE77C /* bd-scanapp.app */ = {isa = PBXFileReference; explicitFileType = wrapper.application; includeInIndex = 0; path = "bd-scanapp.app"; sourceTree = BUILT_PRODUCTS_DIR; };
		868782341FE948D0004EE77C /* AppDelegate.swift */ = {isa = PBXFileReference; lastKnownFileType = sourcecode.swift; path = AppDelegate.swift; sourceTree = "<group>"; };
		868782391FE948D0004EE77C /* Base */ = {isa = PBXFileReference; lastKnownFileType = file.storyboard; name = Base; path = Base.lproj/Main.storyboard; sourceTree = "<group>"; };
		8687823B1FE948D0004EE77C /* Assets.xcassets */ = {isa = PBXFileReference; lastKnownFileType = folder.assetcatalog; path = Assets.xcassets; sourceTree = "<group>"; };
		8687823E1FE948D0004EE77C /* Base */ = {isa = PBXFileReference; lastKnownFileType = file.storyboard; name = Base; path = Base.lproj/LaunchScreen.storyboard; sourceTree = "<group>"; };
		868782401FE948D0004EE77C /* Info.plist */ = {isa = PBXFileReference; lastKnownFileType = text.plist.xml; path = Info.plist; sourceTree = "<group>"; };
		868782451FE948D1004EE77C /* bd-scanappTests.xctest */ = {isa = PBXFileReference; explicitFileType = wrapper.cfbundle; includeInIndex = 0; path = "bd-scanappTests.xctest"; sourceTree = BUILT_PRODUCTS_DIR; };
		868782491FE948D1004EE77C /* bd_scanappTests.swift */ = {isa = PBXFileReference; lastKnownFileType = sourcecode.swift; path = bd_scanappTests.swift; sourceTree = "<group>"; };
		8687824B1FE948D1004EE77C /* Info.plist */ = {isa = PBXFileReference; lastKnownFileType = text.plist.xml; path = Info.plist; sourceTree = "<group>"; };
		868782501FE948D1004EE77C /* bd-scanappUITests.xctest */ = {isa = PBXFileReference; explicitFileType = wrapper.cfbundle; includeInIndex = 0; path = "bd-scanappUITests.xctest"; sourceTree = BUILT_PRODUCTS_DIR; };
		868782541FE948D1004EE77C /* bd_scanappUITests.swift */ = {isa = PBXFileReference; lastKnownFileType = sourcecode.swift; path = bd_scanappUITests.swift; sourceTree = "<group>"; };
		868782561FE948D1004EE77C /* Info.plist */ = {isa = PBXFileReference; lastKnownFileType = text.plist.xml; path = Info.plist; sourceTree = "<group>"; };
		868782621FE949A8004EE77C /* FrutigerLTPro-Roman.otf */ = {isa = PBXFileReference; lastKnownFileType = file; path = "FrutigerLTPro-Roman.otf"; sourceTree = "<group>"; };
		868782631FE949A8004EE77C /* FrutigerLTPro-Black.otf */ = {isa = PBXFileReference; lastKnownFileType = file; path = "FrutigerLTPro-Black.otf"; sourceTree = "<group>"; };
		868782641FE949A8004EE77C /* FrutigerLTPro-Bold.otf */ = {isa = PBXFileReference; lastKnownFileType = file; path = "FrutigerLTPro-Bold.otf"; sourceTree = "<group>"; };
		868782651FE949A8004EE77C /* FrutigerLTPro-Italic.otf */ = {isa = PBXFileReference; lastKnownFileType = file; path = "FrutigerLTPro-Italic.otf"; sourceTree = "<group>"; };
		868782661FE949A9004EE77C /* FrutigerLTPro-Light.otf */ = {isa = PBXFileReference; lastKnownFileType = file; path = "FrutigerLTPro-Light.otf"; sourceTree = "<group>"; };
		8687826B1FE949F4004EE77C /* UICircularProgressRingGradientPosition.swift */ = {isa = PBXFileReference; fileEncoding = 4; lastKnownFileType = sourcecode.swift; path = UICircularProgressRingGradientPosition.swift; sourceTree = "<group>"; };
		8687826C1FE949F4004EE77C /* UICircularProgressRingStyle.swift */ = {isa = PBXFileReference; fileEncoding = 4; lastKnownFileType = sourcecode.swift; path = UICircularProgressRingStyle.swift; sourceTree = "<group>"; };
		8687826D1FE949F4004EE77C /* UICircularProgressRingDelegate.swift */ = {isa = PBXFileReference; fileEncoding = 4; lastKnownFileType = sourcecode.swift; path = UICircularProgressRingDelegate.swift; sourceTree = "<group>"; };
		8687826E1FE949F4004EE77C /* UICircularProgressRingLayer.swift */ = {isa = PBXFileReference; fileEncoding = 4; lastKnownFileType = sourcecode.swift; path = UICircularProgressRingLayer.swift; sourceTree = "<group>"; };
		8687826F1FE949F4004EE77C /* UICircularProgressRingView.swift */ = {isa = PBXFileReference; fileEncoding = 4; lastKnownFileType = sourcecode.swift; path = UICircularProgressRingView.swift; sourceTree = "<group>"; };
/* End PBXFileReference section */

/* Begin PBXFrameworksBuildPhase section */
		8687822E1FE948D0004EE77C /* Frameworks */ = {
			isa = PBXFrameworksBuildPhase;
			buildActionMask = 2147483647;
			files = (
			);
			runOnlyForDeploymentPostprocessing = 0;
		};
		868782421FE948D1004EE77C /* Frameworks */ = {
			isa = PBXFrameworksBuildPhase;
			buildActionMask = 2147483647;
			files = (
			);
			runOnlyForDeploymentPostprocessing = 0;
		};
		8687824D1FE948D1004EE77C /* Frameworks */ = {
			isa = PBXFrameworksBuildPhase;
			buildActionMask = 2147483647;
			files = (
			);
			runOnlyForDeploymentPostprocessing = 0;
		};
/* End PBXFrameworksBuildPhase section */

/* Begin PBXGroup section */
		868782281FE948D0004EE77C = {
			isa = PBXGroup;
			children = (
				868782331FE948D0004EE77C /* bd-scanapp */,
				868782481FE948D1004EE77C /* bd-scanappTests */,
				868782531FE948D1004EE77C /* bd-scanappUITests */,
				868782321FE948D0004EE77C /* Products */,
			);
			sourceTree = "<group>";
		};
		868782321FE948D0004EE77C /* Products */ = {
			isa = PBXGroup;
			children = (
				868782311FE948D0004EE77C /* bd-scanapp.app */,
				868782451FE948D1004EE77C /* bd-scanappTests.xctest */,
				868782501FE948D1004EE77C /* bd-scanappUITests.xctest */,
			);
			name = Products;
			sourceTree = "<group>";
		};
		868782331FE948D0004EE77C /* bd-scanapp */ = {
			isa = PBXGroup;
			children = (
				8687826A1FE949E6004EE77C /* progressRing */,
				868782671FE949AD004EE77C /* Fonts */,
				863F67021FE9A60D00809D35 /* LoginViewController.swift */,
				863F67041FE9A66900809D35 /* HomeViewController.swift */,
				863F67061FE9A68300809D35 /* QRScanViewController.swift */,
				863F67081FE9A68F00809D35 /* ManualInputViewController.swift */,
				863F670A1FE9A69D00809D35 /* CommentViewController.swift */,
				8655EF021FEC57EA005C7708 /* API.swift */,
				863F670C1FE9A6A800809D35 /* LoadingViewController.swift */,
				863F670E1FE9A6B200809D35 /* SuccesViewController.swift */,
				863F67101FE9A6BB00809D35 /* FailViewController.swift */,
				863F67121FE9A6C600809D35 /* FailAgainViewController.swift */,
				868782381FE948D0004EE77C /* Main.storyboard */,
				8687823D1FE948D0004EE77C /* LaunchScreen.storyboard */,
				8687823B1FE948D0004EE77C /* Assets.xcassets */,
				868782341FE948D0004EE77C /* AppDelegate.swift */,
				868782401FE948D0004EE77C /* Info.plist */,
				863F67141FE9AC8F00809D35 /* bd-scanapp-Bridging-Header.h */,
			);
			path = "bd-scanapp";
			sourceTree = "<group>";
		};
		868782481FE948D1004EE77C /* bd-scanappTests */ = {
			isa = PBXGroup;
			children = (
				868782491FE948D1004EE77C /* bd_scanappTests.swift */,
				8687824B1FE948D1004EE77C /* Info.plist */,
			);
			path = "bd-scanappTests";
			sourceTree = "<group>";
		};
		868782531FE948D1004EE77C /* bd-scanappUITests */ = {
			isa = PBXGroup;
			children = (
				868782541FE948D1004EE77C /* bd_scanappUITests.swift */,
				868782561FE948D1004EE77C /* Info.plist */,
			);
			path = "bd-scanappUITests";
			sourceTree = "<group>";
		};
		868782671FE949AD004EE77C /* Fonts */ = {
			isa = PBXGroup;
			children = (
				868782631FE949A8004EE77C /* FrutigerLTPro-Black.otf */,
				868782641FE949A8004EE77C /* FrutigerLTPro-Bold.otf */,
				868782651FE949A8004EE77C /* FrutigerLTPro-Italic.otf */,
				868782661FE949A9004EE77C /* FrutigerLTPro-Light.otf */,
				868782621FE949A8004EE77C /* FrutigerLTPro-Roman.otf */,
			);
			path = Fonts;
			sourceTree = "<group>";
		};
		8687826A1FE949E6004EE77C /* progressRing */ = {
			isa = PBXGroup;
			children = (
				8687826D1FE949F4004EE77C /* UICircularProgressRingDelegate.swift */,
				8687826B1FE949F4004EE77C /* UICircularProgressRingGradientPosition.swift */,
				8687826E1FE949F4004EE77C /* UICircularProgressRingLayer.swift */,
				8687826C1FE949F4004EE77C /* UICircularProgressRingStyle.swift */,
				8687826F1FE949F4004EE77C /* UICircularProgressRingView.swift */,
			);
			path = progressRing;
			sourceTree = "<group>";
		};
/* End PBXGroup section */

/* Begin PBXNativeTarget section */
		868782301FE948D0004EE77C /* bd-scanapp */ = {
			isa = PBXNativeTarget;
			buildConfigurationList = 868782591FE948D1004EE77C /* Build configuration list for PBXNativeTarget "bd-scanapp" */;
			buildPhases = (
				8687822D1FE948D0004EE77C /* Sources */,
				8687822E1FE948D0004EE77C /* Frameworks */,
				8687822F1FE948D0004EE77C /* Resources */,
			);
			buildRules = (
			);
			dependencies = (
			);
			name = "bd-scanapp";
			productName = "bd-scanapp";
			productReference = 868782311FE948D0004EE77C /* bd-scanapp.app */;
			productType = "com.apple.product-type.application";
		};
		868782441FE948D1004EE77C /* bd-scanappTests */ = {
			isa = PBXNativeTarget;
			buildConfigurationList = 8687825C1FE948D1004EE77C /* Build configuration list for PBXNativeTarget "bd-scanappTests" */;
			buildPhases = (
				868782411FE948D1004EE77C /* Sources */,
				868782421FE948D1004EE77C /* Frameworks */,
				868782431FE948D1004EE77C /* Resources */,
			);
			buildRules = (
			);
			dependencies = (
				868782471FE948D1004EE77C /* PBXTargetDependency */,
			);
			name = "bd-scanappTests";
			productName = "bd-scanappTests";
			productReference = 868782451FE948D1004EE77C /* bd-scanappTests.xctest */;
			productType = "com.apple.product-type.bundle.unit-test";
		};
		8687824F1FE948D1004EE77C /* bd-scanappUITests */ = {
			isa = PBXNativeTarget;
			buildConfigurationList = 8687825F1FE948D1004EE77C /* Build configuration list for PBXNativeTarget "bd-scanappUITests" */;
			buildPhases = (
				8687824C1FE948D1004EE77C /* Sources */,
				8687824D1FE948D1004EE77C /* Frameworks */,
				8687824E1FE948D1004EE77C /* Resources */,
			);
			buildRules = (
			);
			dependencies = (
				868782521FE948D1004EE77C /* PBXTargetDependency */,
			);
			name = "bd-scanappUITests";
			productName = "bd-scanappUITests";
			productReference = 868782501FE948D1004EE77C /* bd-scanappUITests.xctest */;
			productType = "com.apple.product-type.bundle.ui-testing";
		};
/* End PBXNativeTarget section */

/* Begin PBXProject section */
		868782291FE948D0004EE77C /* Project object */ = {
			isa = PBXProject;
			attributes = {
				LastSwiftUpdateCheck = 0910;
				LastUpgradeCheck = 0910;
				ORGANIZATIONNAME = "Bedrijvendagen Twente";
				TargetAttributes = {
					868782301FE948D0004EE77C = {
						CreatedOnToolsVersion = 9.1;
						LastSwiftMigration = 0910;
						ProvisioningStyle = Automatic;
					};
					868782441FE948D1004EE77C = {
						CreatedOnToolsVersion = 9.1;
						ProvisioningStyle = Automatic;
						TestTargetID = 868782301FE948D0004EE77C;
					};
					8687824F1FE948D1004EE77C = {
						CreatedOnToolsVersion = 9.1;
						ProvisioningStyle = Automatic;
						TestTargetID = 868782301FE948D0004EE77C;
					};
				};
			};
			buildConfigurationList = 8687822C1FE948D0004EE77C /* Build configuration list for PBXProject "bd-scanapp" */;
			compatibilityVersion = "Xcode 8.0";
			developmentRegion = en;
			hasScannedForEncodings = 0;
			knownRegions = (
				en,
				Base,
			);
			mainGroup = 868782281FE948D0004EE77C;
			productRefGroup = 868782321FE948D0004EE77C /* Products */;
			projectDirPath = "";
			projectRoot = "";
			targets = (
				868782301FE948D0004EE77C /* bd-scanapp */,
				868782441FE948D1004EE77C /* bd-scanappTests */,
				8687824F1FE948D1004EE77C /* bd-scanappUITests */,
			);
		};
/* End PBXProject section */

/* Begin PBXResourcesBuildPhase section */
		8687822F1FE948D0004EE77C /* Resources */ = {
			isa = PBXResourcesBuildPhase;
			buildActionMask = 2147483647;
			files = (
				8687823F1FE948D0004EE77C /* LaunchScreen.storyboard in Resources */,
				863F671B1FE9B8BD00809D35 /* FrutigerLTPro-Roman.otf in Resources */,
				863F67171FE9B8B200809D35 /* FrutigerLTPro-Black.otf in Resources */,
				8687823C1FE948D0004EE77C /* Assets.xcassets in Resources */,
				863F671A1FE9B8BA00809D35 /* FrutigerLTPro-Light.otf in Resources */,
				863F67181FE9B8B500809D35 /* FrutigerLTPro-Bold.otf in Resources */,
				8687823A1FE948D0004EE77C /* Main.storyboard in Resources */,
				863F67191FE9B8B800809D35 /* FrutigerLTPro-Italic.otf in Resources */,
			);
			runOnlyForDeploymentPostprocessing = 0;
		};
		868782431FE948D1004EE77C /* Resources */ = {
			isa = PBXResourcesBuildPhase;
			buildActionMask = 2147483647;
			files = (
			);
			runOnlyForDeploymentPostprocessing = 0;
		};
		8687824E1FE948D1004EE77C /* Resources */ = {
			isa = PBXResourcesBuildPhase;
			buildActionMask = 2147483647;
			files = (
			);
			runOnlyForDeploymentPostprocessing = 0;
		};
/* End PBXResourcesBuildPhase section */

/* Begin PBXSourcesBuildPhase section */
		8687822D1FE948D0004EE77C /* Sources */ = {
			isa = PBXSourcesBuildPhase;
			buildActionMask = 2147483647;
			files = (
				863F67071FE9A68300809D35 /* QRScanViewController.swift in Sources */,
				868782351FE948D0004EE77C /* AppDelegate.swift in Sources */,
				863F67131FE9A6C600809D35 /* FailAgainViewController.swift in Sources */,
				863F670F1FE9A6B200809D35 /* SuccesViewController.swift in Sources */,
				868782701FE949F4004EE77C /* UICircularProgressRingGradientPosition.swift in Sources */,
				868782731FE949F4004EE77C /* UICircularProgressRingLayer.swift in Sources */,
				863F67051FE9A66900809D35 /* HomeViewController.swift in Sources */,
				863F67111FE9A6BB00809D35 /* FailViewController.swift in Sources */,
				863F67091FE9A68F00809D35 /* ManualInputViewController.swift in Sources */,
				863F67031FE9A60D00809D35 /* LoginViewController.swift in Sources */,
				868782711FE949F4004EE77C /* UICircularProgressRingStyle.swift in Sources */,
				868782721FE949F4004EE77C /* UICircularProgressRingDelegate.swift in Sources */,
				868782741FE949F4004EE77C /* UICircularProgressRingView.swift in Sources */,
				863F670B1FE9A69D00809D35 /* CommentViewController.swift in Sources */,
				8655EF031FEC57EA005C7708 /* API.swift in Sources */,
				863F670D1FE9A6A800809D35 /* LoadingViewController.swift in Sources */,
			);
			runOnlyForDeploymentPostprocessing = 0;
		};
		868782411FE948D1004EE77C /* Sources */ = {
			isa = PBXSourcesBuildPhase;
			buildActionMask = 2147483647;
			files = (
				8687824A1FE948D1004EE77C /* bd_scanappTests.swift in Sources */,
			);
			runOnlyForDeploymentPostprocessing = 0;
		};
		8687824C1FE948D1004EE77C /* Sources */ = {
			isa = PBXSourcesBuildPhase;
			buildActionMask = 2147483647;
			files = (
				868782551FE948D1004EE77C /* bd_scanappUITests.swift in Sources */,
			);
			runOnlyForDeploymentPostprocessing = 0;
		};
/* End PBXSourcesBuildPhase section */

/* Begin PBXTargetDependency section */
		868782471FE948D1004EE77C /* PBXTargetDependency */ = {
			isa = PBXTargetDependency;
			target = 868782301FE948D0004EE77C /* bd-scanapp */;
			targetProxy = 868782461FE948D1004EE77C /* PBXContainerItemProxy */;
		};
		868782521FE948D1004EE77C /* PBXTargetDependency */ = {
			isa = PBXTargetDependency;
			target = 868782301FE948D0004EE77C /* bd-scanapp */;
			targetProxy = 868782511FE948D1004EE77C /* PBXContainerItemProxy */;
		};
/* End PBXTargetDependency section */

/* Begin PBXVariantGroup section */
		868782381FE948D0004EE77C /* Main.storyboard */ = {
			isa = PBXVariantGroup;
			children = (
				868782391FE948D0004EE77C /* Base */,
			);
			name = Main.storyboard;
			sourceTree = "<group>";
		};
		8687823D1FE948D0004EE77C /* LaunchScreen.storyboard */ = {
			isa = PBXVariantGroup;
			children = (
				8687823E1FE948D0004EE77C /* Base */,
			);
			name = LaunchScreen.storyboard;
			sourceTree = "<group>";
		};
/* End PBXVariantGroup section */

/* Begin XCBuildConfiguration section */
		868782571FE948D1004EE77C /* Debug */ = {
			isa = XCBuildConfiguration;
			buildSettings = {
				ALWAYS_SEARCH_USER_PATHS = NO;
				CLANG_ANALYZER_NONNULL = YES;
				CLANG_ANALYZER_NUMBER_OBJECT_CONVERSION = YES_AGGRESSIVE;
				CLANG_CXX_LANGUAGE_STANDARD = "gnu++14";
				CLANG_CXX_LIBRARY = "libc++";
				CLANG_ENABLE_MODULES = YES;
				CLANG_ENABLE_OBJC_ARC = YES;
				CLANG_WARN_BLOCK_CAPTURE_AUTORELEASING = YES;
				CLANG_WARN_BOOL_CONVERSION = YES;
				CLANG_WARN_COMMA = YES;
				CLANG_WARN_CONSTANT_CONVERSION = YES;
				CLANG_WARN_DIRECT_OBJC_ISA_USAGE = YES_ERROR;
				CLANG_WARN_DOCUMENTATION_COMMENTS = YES;
				CLANG_WARN_EMPTY_BODY = YES;
				CLANG_WARN_ENUM_CONVERSION = YES;
				CLANG_WARN_INFINITE_RECURSION = YES;
				CLANG_WARN_INT_CONVERSION = YES;
				CLANG_WARN_NON_LITERAL_NULL_CONVERSION = YES;
				CLANG_WARN_OBJC_LITERAL_CONVERSION = YES;
				CLANG_WARN_OBJC_ROOT_CLASS = YES_ERROR;
				CLANG_WARN_RANGE_LOOP_ANALYSIS = YES;
				CLANG_WARN_STRICT_PROTOTYPES = YES;
				CLANG_WARN_SUSPICIOUS_MOVE = YES;
				CLANG_WARN_UNGUARDED_AVAILABILITY = YES_AGGRESSIVE;
				CLANG_WARN_UNREACHABLE_CODE = YES;
				CLANG_WARN__DUPLICATE_METHOD_MATCH = YES;
				CODE_SIGN_IDENTITY = "iPhone Developer";
				COPY_PHASE_STRIP = NO;
				DEBUG_INFORMATION_FORMAT = dwarf;
				ENABLE_STRICT_OBJC_MSGSEND = YES;
				ENABLE_TESTABILITY = YES;
				GCC_C_LANGUAGE_STANDARD = gnu11;
				GCC_DYNAMIC_NO_PIC = NO;
				GCC_NO_COMMON_BLOCKS = YES;
				GCC_OPTIMIZATION_LEVEL = 0;
				GCC_PREPROCESSOR_DEFINITIONS = (
					"DEBUG=1",
					"$(inherited)",
				);
				GCC_WARN_64_TO_32_BIT_CONVERSION = YES;
				GCC_WARN_ABOUT_RETURN_TYPE = YES_ERROR;
				GCC_WARN_UNDECLARED_SELECTOR = YES;
				GCC_WARN_UNINITIALIZED_AUTOS = YES_AGGRESSIVE;
				GCC_WARN_UNUSED_FUNCTION = YES;
				GCC_WARN_UNUSED_VARIABLE = YES;
				IPHONEOS_DEPLOYMENT_TARGET = 11.1;
				MTL_ENABLE_DEBUG_INFO = YES;
				ONLY_ACTIVE_ARCH = YES;
				SDKROOT = iphoneos;
				SWIFT_ACTIVE_COMPILATION_CONDITIONS = DEBUG;
				SWIFT_OPTIMIZATION_LEVEL = "-Onone";
			};
			name = Debug;
		};
		868782581FE948D1004EE77C /* Release */ = {
			isa = XCBuildConfiguration;
			buildSettings = {
				ALWAYS_SEARCH_USER_PATHS = NO;
				CLANG_ANALYZER_NONNULL = YES;
				CLANG_ANALYZER_NUMBER_OBJECT_CONVERSION = YES_AGGRESSIVE;
				CLANG_CXX_LANGUAGE_STANDARD = "gnu++14";
				CLANG_CXX_LIBRARY = "libc++";
				CLANG_ENABLE_MODULES = YES;
				CLANG_ENABLE_OBJC_ARC = YES;
				CLANG_WARN_BLOCK_CAPTURE_AUTORELEASING = YES;
				CLANG_WARN_BOOL_CONVERSION = YES;
				CLANG_WARN_COMMA = YES;
				CLANG_WARN_CONSTANT_CONVERSION = YES;
				CLANG_WARN_DIRECT_OBJC_ISA_USAGE = YES_ERROR;
				CLANG_WARN_DOCUMENTATION_COMMENTS = YES;
				CLANG_WARN_EMPTY_BODY = YES;
				CLANG_WARN_ENUM_CONVERSION = YES;
				CLANG_WARN_INFINITE_RECURSION = YES;
				CLANG_WARN_INT_CONVERSION = YES;
				CLANG_WARN_NON_LITERAL_NULL_CONVERSION = YES;
				CLANG_WARN_OBJC_LITERAL_CONVERSION = YES;
				CLANG_WARN_OBJC_ROOT_CLASS = YES_ERROR;
				CLANG_WARN_RANGE_LOOP_ANALYSIS = YES;
				CLANG_WARN_STRICT_PROTOTYPES = YES;
				CLANG_WARN_SUSPICIOUS_MOVE = YES;
				CLANG_WARN_UNGUARDED_AVAILABILITY = YES_AGGRESSIVE;
				CLANG_WARN_UNREACHABLE_CODE = YES;
				CLANG_WARN__DUPLICATE_METHOD_MATCH = YES;
				CODE_SIGN_IDENTITY = "iPhone Developer";
				COPY_PHASE_STRIP = NO;
				DEBUG_INFORMATION_FORMAT = "dwarf-with-dsym";
				ENABLE_NS_ASSERTIONS = NO;
				ENABLE_STRICT_OBJC_MSGSEND = YES;
				GCC_C_LANGUAGE_STANDARD = gnu11;
				GCC_NO_COMMON_BLOCKS = YES;
				GCC_WARN_64_TO_32_BIT_CONVERSION = YES;
				GCC_WARN_ABOUT_RETURN_TYPE = YES_ERROR;
				GCC_WARN_UNDECLARED_SELECTOR = YES;
				GCC_WARN_UNINITIALIZED_AUTOS = YES_AGGRESSIVE;
				GCC_WARN_UNUSED_FUNCTION = YES;
				GCC_WARN_UNUSED_VARIABLE = YES;
				IPHONEOS_DEPLOYMENT_TARGET = 11.1;
				MTL_ENABLE_DEBUG_INFO = NO;
				SDKROOT = iphoneos;
				SWIFT_OPTIMIZATION_LEVEL = "-Owholemodule";
				VALIDATE_PRODUCT = YES;
			};
			name = Release;
		};
		8687825A1FE948D1004EE77C /* Debug */ = {
			isa = XCBuildConfiguration;
			buildSettings = {
				ASSETCATALOG_COMPILER_APPICON_NAME = AppIcon;
				CLANG_ENABLE_MODULES = YES;
				CODE_SIGN_STYLE = Automatic;
				DEVELOPMENT_TEAM = HCQ5GHS76V;
				INFOPLIST_FILE = "bd-scanapp/Info.plist";
				IPHONEOS_DEPLOYMENT_TARGET = 10.1;
				LD_RUNPATH_SEARCH_PATHS = "$(inherited) @executable_path/Frameworks";
				PRODUCT_BUNDLE_IDENTIFIER = "nl.bedrijvendagentwente.scan-app";
				PRODUCT_NAME = "$(TARGET_NAME)";
				SWIFT_OBJC_BRIDGING_HEADER = "bd-scanapp/bd-scanapp-Bridging-Header.h";
				SWIFT_OPTIMIZATION_LEVEL = "-Onone";
				SWIFT_VERSION = 4.0;
				TARGETED_DEVICE_FAMILY = 1;
			};
			name = Debug;
		};
		8687825B1FE948D1004EE77C /* Release */ = {
			isa = XCBuildConfiguration;
			buildSettings = {
				ASSETCATALOG_COMPILER_APPICON_NAME = AppIcon;
				CLANG_ENABLE_MODULES = YES;
				CODE_SIGN_STYLE = Automatic;
				DEVELOPMENT_TEAM = HCQ5GHS76V;
				INFOPLIST_FILE = "bd-scanapp/Info.plist";
				IPHONEOS_DEPLOYMENT_TARGET = 10.1;
				LD_RUNPATH_SEARCH_PATHS = "$(inherited) @executable_path/Frameworks";
				PRODUCT_BUNDLE_IDENTIFIER = "nl.bedrijvendagentwente.scan-app";
				PRODUCT_NAME = "$(TARGET_NAME)";
				SWIFT_OBJC_BRIDGING_HEADER = "bd-scanapp/bd-scanapp-Bridging-Header.h";
				SWIFT_VERSION = 4.0;
				TARGETED_DEVICE_FAMILY = 1;
			};
			name = Release;
		};
		8687825D1FE948D1004EE77C /* Debug */ = {
			isa = XCBuildConfiguration;
			buildSettings = {
				ALWAYS_EMBED_SWIFT_STANDARD_LIBRARIES = YES;
				BUNDLE_LOADER = "$(TEST_HOST)";
				CODE_SIGN_STYLE = Automatic;
				DEVELOPMENT_TEAM = HCQ5GHS76V;
				INFOPLIST_FILE = "bd-scanappTests/Info.plist";
				LD_RUNPATH_SEARCH_PATHS = "$(inherited) @executable_path/Frameworks @loader_path/Frameworks";
				PRODUCT_BUNDLE_IDENTIFIER = "Bedrijvendagen-Twente.bd-scanappTests";
				PRODUCT_NAME = "$(TARGET_NAME)";
				SWIFT_VERSION = 4.0;
				TARGETED_DEVICE_FAMILY = "1,2";
				TEST_HOST = "$(BUILT_PRODUCTS_DIR)/bd-scanapp.app/bd-scanapp";
			};
			name = Debug;
		};
		8687825E1FE948D1004EE77C /* Release */ = {
			isa = XCBuildConfiguration;
			buildSettings = {
				ALWAYS_EMBED_SWIFT_STANDARD_LIBRARIES = YES;
				BUNDLE_LOADER = "$(TEST_HOST)";
				CODE_SIGN_STYLE = Automatic;
				DEVELOPMENT_TEAM = HCQ5GHS76V;
				INFOPLIST_FILE = "bd-scanappTests/Info.plist";
				LD_RUNPATH_SEARCH_PATHS = "$(inherited) @executable_path/Frameworks @loader_path/Frameworks";
				PRODUCT_BUNDLE_IDENTIFIER = "Bedrijvendagen-Twente.bd-scanappTests";
				PRODUCT_NAME = "$(TARGET_NAME)";
				SWIFT_VERSION = 4.0;
				TARGETED_DEVICE_FAMILY = "1,2";
				TEST_HOST = "$(BUILT_PRODUCTS_DIR)/bd-scanapp.app/bd-scanapp";
			};
			name = Release;
		};
		868782601FE948D1004EE77C /* Debug */ = {
			isa = XCBuildConfiguration;
			buildSettings = {
				ALWAYS_EMBED_SWIFT_STANDARD_LIBRARIES = YES;
				CODE_SIGN_STYLE = Automatic;
				DEVELOPMENT_TEAM = HCQ5GHS76V;
				INFOPLIST_FILE = "bd-scanappUITests/Info.plist";
				LD_RUNPATH_SEARCH_PATHS = "$(inherited) @executable_path/Frameworks @loader_path/Frameworks";
				PRODUCT_BUNDLE_IDENTIFIER = "Bedrijvendagen-Twente.bd-scanappUITests";
				PRODUCT_NAME = "$(TARGET_NAME)";
				SWIFT_VERSION = 4.0;
				TARGETED_DEVICE_FAMILY = "1,2";
				TEST_TARGET_NAME = "bd-scanapp";
			};
			name = Debug;
		};
		868782611FE948D1004EE77C /* Release */ = {
			isa = XCBuildConfiguration;
			buildSettings = {
				ALWAYS_EMBED_SWIFT_STANDARD_LIBRARIES = YES;
				CODE_SIGN_STYLE = Automatic;
				DEVELOPMENT_TEAM = HCQ5GHS76V;
				INFOPLIST_FILE = "bd-scanappUITests/Info.plist";
				LD_RUNPATH_SEARCH_PATHS = "$(inherited) @executable_path/Frameworks @loader_path/Frameworks";
				PRODUCT_BUNDLE_IDENTIFIER = "Bedrijvendagen-Twente.bd-scanappUITests";
				PRODUCT_NAME = "$(TARGET_NAME)";
				SWIFT_VERSION = 4.0;
				TARGETED_DEVICE_FAMILY = "1,2";
				TEST_TARGET_NAME = "bd-scanapp";
			};
			name = Release;
		};
/* End XCBuildConfiguration section */

/* Begin XCConfigurationList section */
		8687822C1FE948D0004EE77C /* Build configuration list for PBXProject "bd-scanapp" */ = {
			isa = XCConfigurationList;
			buildConfigurations = (
				868782571FE948D1004EE77C /* Debug */,
				868782581FE948D1004EE77C /* Release */,
			);
			defaultConfigurationIsVisible = 0;
			defaultConfigurationName = Release;
		};
		868782591FE948D1004EE77C /* Build configuration list for PBXNativeTarget "bd-scanapp" */ = {
			isa = XCConfigurationList;
			buildConfigurations = (
				8687825A1FE948D1004EE77C /* Debug */,
				8687825B1FE948D1004EE77C /* Release */,
			);
			defaultConfigurationIsVisible = 0;
			defaultConfigurationName = Release;
		};
		8687825C1FE948D1004EE77C /* Build configuration list for PBXNativeTarget "bd-scanappTests" */ = {
			isa = XCConfigurationList;
			buildConfigurations = (
				8687825D1FE948D1004EE77C /* Debug */,
				8687825E1FE948D1004EE77C /* Release */,
			);
			defaultConfigurationIsVisible = 0;
			defaultConfigurationName = Release;
		};
		8687825F1FE948D1004EE77C /* Build configuration list for PBXNativeTarget "bd-scanappUITests" */ = {
			isa = XCConfigurationList;
			buildConfigurations = (
				868782601FE948D1004EE77C /* Debug */,
				868782611FE948D1004EE77C /* Release */,
			);
			defaultConfigurationIsVisible = 0;
			defaultConfigurationName = Release;
		};
/* End XCConfigurationList section */
	};
	rootObject = 868782291FE948D0004EE77C /* Project object */;
}
